# THIS IS AN AUTOGENERATED FILE. DO NOT EDIT THIS FILE DIRECTLY.
# yarn lockfile v1


array.prototype.move@^0.0.4:
  version "0.0.4"
  resolved "https://registry.yarnpkg.com/array.prototype.move/-/array.prototype.move-0.0.4.tgz#89b7912654dc09a90cc98db12f45698b1e0f3139"
  integrity sha1-ibeRJlTcCakMyY2xL0Vpix4PMTk=
